
Microsoft Visual Studio Solution File, Format Version 12.00
# Visual Studio 15
VisualStudioVersion = 15.0.28307.489
MinimumVisualStudioVersion = 10.0.40219.1
Project("{FAE04EC0-301F-11D3-BF4B-00C04F79EFBC}") = "MyTrips", "MyTrips\MyTrips.csproj", "{D732E82B-47F9-4C80-B3D4-CBA89175A1DE}"
EndProject
Global
	GlobalSection(SolutionConfigurationPlatforms) = preSolution
		Debug|Any CPU = Debug|Any CPU
		Release|Any CPU = Release|Any CPU
	EndGlobalSection
	GlobalSection(ProjectConfigurationPlatforms) = postSolution
		{D732E82B-47F9-4C80-B3D4-CBA89175A1DE}.Debug|Any CPU.ActiveCfg = Debug|Any CPU
		{D732E82B-47F9-4C80-B3D4-CBA89175A1DE}.Debug|Any CPU.Build.0 = Debug|Any CPU
		{D732E82B-47F9-4C80-B3D4-CBA89175A1DE}.Release|Any CPU.ActiveCfg = Release|Any CPU
		{D732E82B-47F9-4C80-B3D4-CBA89175A1DE}.Release|Any CPU.Build.0 = Release|Any CPU
	EndGlobalSection
	GlobalSection(SolutionProperties) = preSolution
		HideSolutionNode = FALSE
	EndGlobalSection
	GlobalSection(ExtensibilityGlobals) = postSolution
		SolutionGuid = {BDC08864-2B5A-4147-821F-09704EEA9A59}
	EndGlobalSection
EndGlobal
